# This file is automatically @generated by Cargo.
# It is not intended for manual editing.
[[package]]
name = "abc169"
version = "0.1.0"
dependencies = [
 "rust_decimal",
]

[[package]]
name = "autocfg"
version = "1.0.0"
source = "registry+https://github.com/rust-lang/crates.io-index"
checksum = "f8aac770f1885fd7e387acedd76065302551364496e46b3dd00860b2f8359b9d"

[[package]]
name = "num-traits"
version = "0.2.12"
source = "registry+https://github.com/rust-lang/crates.io-index"
checksum = "ac267bcc07f48ee5f8935ab0d24f316fb722d7a1292e2913f0cc196b29ffd611"
dependencies = [
 "autocfg",
]

[[package]]
name = "rust_decimal"
version = "1.6.0"
source = "registry+https://github.com/rust-lang/crates.io-index"
checksum = "26b5f52edf35045e96b07aa29822bf4ce8495295fd5610270f85ab1f26df7ba5"
dependencies = [
 "num-traits",
 "serde",
]

[[package]]
name = "serde"
version = "1.0.114"
source = "registry+https://github.com/rust-lang/crates.io-index"
checksum = "5317f7588f0a5078ee60ef675ef96735a1442132dc645eb1d12c018620ed8cd3"
